
Microsoft Visual Studio Solution File, Format Version 12.00
# Visual Studio Version 17
VisualStudioVersion = 17.0.31903.59
MinimumVisualStudioVersion = 10.0.40219.1
Project("{FAE04EC0-301F-11D3-BF4B-00C04F79EFBC}") = "Gateway.Core", "Gateway.Core\Gateway.Core.csproj", "{46000B62-5F5E-42B3-86CB-1454FE47F954}"
EndProject
Project("{FAE04EC0-301F-11D3-BF4B-00C04F79EFBC}") = "Gateway.Api", "Gateway.Api\Gateway.Api.csproj", "{FFB6BD2F-34A9-4DA6-9C98-DC0D61A862CC}"
EndProject
Global
	GlobalSection(SolutionConfigurationPlatforms) = preSolution
		Debug|Any CPU = Debug|Any CPU
		Release|Any CPU = Release|Any CPU
	EndGlobalSection
	GlobalSection(SolutionProperties) = preSolution
		HideSolutionNode = FALSE
	EndGlobalSection
	GlobalSection(ProjectConfigurationPlatforms) = postSolution
		{46000B62-5F5E-42B3-86CB-1454FE47F954}.Debug|Any CPU.ActiveCfg = Debug|Any CPU
		{46000B62-5F5E-42B3-86CB-1454FE47F954}.Debug|Any CPU.Build.0 = Debug|Any CPU
		{46000B62-5F5E-42B3-86CB-1454FE47F954}.Release|Any CPU.ActiveCfg = Release|Any CPU
		{46000B62-5F5E-42B3-86CB-1454FE47F954}.Release|Any CPU.Build.0 = Release|Any CPU
		{FFB6BD2F-34A9-4DA6-9C98-DC0D61A862CC}.Debug|Any CPU.ActiveCfg = Debug|Any CPU
		{FFB6BD2F-34A9-4DA6-9C98-DC0D61A862CC}.Debug|Any CPU.Build.0 = Debug|Any CPU
		{FFB6BD2F-34A9-4DA6-9C98-DC0D61A862CC}.Release|Any CPU.ActiveCfg = Release|Any CPU
		{FFB6BD2F-34A9-4DA6-9C98-DC0D61A862CC}.Release|Any CPU.Build.0 = Release|Any CPU
	EndGlobalSection
EndGlobal
